
Microsoft Visual Studio Solution File, Format Version 12.00
# Visual Studio Version 16
VisualStudioVersion = 16.0.29503.13
MinimumVisualStudioVersion = 10.0.40219.1
Project("{9A19103F-16F7-4668-BE54-9A1E7A4F7556}") = "PokemonGBAFrameWork", "PokemonGBAFrameWork\PokemonGBAFrameWork.csproj", "{E3AF4855-232F-4DAD-8445-75D89464647C}"
EndProject
Project("{FAE04EC0-301F-11D3-BF4B-00C04F79EFBC}") = "TestPokemonGBAFrameWork2", "TestPokemonGBAFrameWork2\TestPokemonGBAFrameWork2.csproj", "{2FB2D99D-34D8-4552-848B-D23B98249114}"
EndProject
Global
	GlobalSection(SolutionConfigurationPlatforms) = preSolution
		Debug|Any CPU = Debug|Any CPU
		Release|Any CPU = Release|Any CPU
	EndGlobalSection
	GlobalSection(ProjectConfigurationPlatforms) = postSolution
		{E3AF4855-232F-4DAD-8445-75D89464647C}.Debug|Any CPU.ActiveCfg = Debug|Any CPU
		{E3AF4855-232F-4DAD-8445-75D89464647C}.Debug|Any CPU.Build.0 = Debug|Any CPU
		{E3AF4855-232F-4DAD-8445-75D89464647C}.Release|Any CPU.ActiveCfg = Release|Any CPU
		{E3AF4855-232F-4DAD-8445-75D89464647C}.Release|Any CPU.Build.0 = Release|Any CPU
		{2FB2D99D-34D8-4552-848B-D23B98249114}.Debug|Any CPU.ActiveCfg = Debug|Any CPU
		{2FB2D99D-34D8-4552-848B-D23B98249114}.Debug|Any CPU.Build.0 = Debug|Any CPU
		{2FB2D99D-34D8-4552-848B-D23B98249114}.Release|Any CPU.ActiveCfg = Release|Any CPU
		{2FB2D99D-34D8-4552-848B-D23B98249114}.Release|Any CPU.Build.0 = Release|Any CPU
	EndGlobalSection
	GlobalSection(SolutionProperties) = preSolution
		HideSolutionNode = FALSE
	EndGlobalSection
	GlobalSection(ExtensibilityGlobals) = postSolution
		SolutionGuid = {256ADB67-CECD-4C1A-8413-DC6384CE231B}
	EndGlobalSection
EndGlobal
